
Microsoft Visual Studio Solution File, Format Version 12.00
# Visual Studio 15
VisualStudioVersion = 15.0.27130.2027
MinimumVisualStudioVersion = 10.0.40219.1
Project("{FAE04EC0-301F-11D3-BF4B-00C04F79EFBC}") = "VisualStudioDemo", "VisualStudioDemo\VisualStudioDemo.csproj", "{4FD09963-C811-4BB6-8A83-6E28EA38DB58}"
EndProject
Global
	GlobalSection(SolutionConfigurationPlatforms) = preSolution
		Debug|Any CPU = Debug|Any CPU
		Release|Any CPU = Release|Any CPU
	EndGlobalSection
	GlobalSection(ProjectConfigurationPlatforms) = postSolution
		{4FD09963-C811-4BB6-8A83-6E28EA38DB58}.Debug|Any CPU.ActiveCfg = Debug|Any CPU
		{4FD09963-C811-4BB6-8A83-6E28EA38DB58}.Debug|Any CPU.Build.0 = Debug|Any CPU
		{4FD09963-C811-4BB6-8A83-6E28EA38DB58}.Release|Any CPU.ActiveCfg = Release|Any CPU
		{4FD09963-C811-4BB6-8A83-6E28EA38DB58}.Release|Any CPU.Build.0 = Release|Any CPU
	EndGlobalSection
	GlobalSection(SolutionProperties) = preSolution
		HideSolutionNode = FALSE
	EndGlobalSection
	GlobalSection(ExtensibilityGlobals) = postSolution
		SolutionGuid = {1F189D85-94DF-40E7-9B11-E427D5C92BED}
	EndGlobalSection
EndGlobal
